
Microsoft Visual Studio Solution File, Format Version 12.00
Project("{2150E333-8FDC-42A3-9474-1A3956D46DE8}") = "src", "src", "{827E0CD3-B72D-47B6-A68D-7590B98EB39B}"
EndProject
Project("{FAE04EC0-301F-11D3-BF4B-00C04F79EFBC}") = "AspireShowcase.AppHost", "src\AspireShowcase.AppHost\AspireShowcase.AppHost.csproj", "{A00E5A7D-565C-4F68-81E9-5E332F186D27}"
EndProject
Project("{FAE04EC0-301F-11D3-BF4B-00C04F79EFBC}") = "AspireShowcase.ServiceDefaults", "src\AspireShowcase.ServiceDefaults\AspireShowcase.ServiceDefaults.csproj", "{C619B583-BF39-4A6B-9665-2FAF6F588AD1}"
EndProject
Project("{FAE04EC0-301F-11D3-BF4B-00C04F79EFBC}") = "AspireShowcase.Api", "src\AspireShowcase.Api\AspireShowcase.Api.csproj", "{B188622A-CC41-410A-A09E-19353DB1E610}"
EndProject
Project("{FAE04EC0-301F-11D3-BF4B-00C04F79EFBC}") = "AspireShowcase.Notifications", "src\AspireShowcase.Notifications\AspireShowcase.Notifications.csproj", "{52303F6D-92BF-4378-A2A4-343F0DEDD9A2}"
EndProject
Project("{FAE04EC0-301F-11D3-BF4B-00C04F79EFBC}") = "AspireShowcase.Bff", "src\AspireShowcase.Bff\AspireShowcase.Bff.csproj", "{00B88208-4934-4B3B-8B9B-58B44EFEA1F2}"
EndProject
Project("{2150E333-8FDC-42A3-9474-1A3956D46DE8}") = "tests", "tests", "{0AB3BF05-4346-4AA6-1389-037BE0695223}"
EndProject
Project("{FAE04EC0-301F-11D3-BF4B-00C04F79EFBC}") = "AspireShowcase.BusinessSetup.Tests", "tests\AspireShowcase.BusinessSetup.Tests\AspireShowcase.BusinessSetup.Tests.csproj", "{B7A30402-2354-4FC1-86AD-D4772B9ED136}"
EndProject
Project("{2150E333-8FDC-42A3-9474-1A3956D46DE8}") = "Modules", "Modules", "{EC447DCF-ABFA-6E24-52A5-D7FD48A5C558}"
EndProject
Project("{FAE04EC0-301F-11D3-BF4B-00C04F79EFBC}") = "AspireShowcase.BuildingBlocks.Domain", "src\Modules\BuildingBlocks\AspireShowcase.BuildingBlocks.Domain\AspireShowcase.BuildingBlocks.Domain.csproj", "{53E0F63D-0399-4A2D-AE83-7720BD7C2E26}"
EndProject
Project("{FAE04EC0-301F-11D3-BF4B-00C04F79EFBC}") = "AspireShowcase.Identity", "src\Modules\Identity\AspireShowcase.Identity\AspireShowcase.Identity.csproj", "{809A2DEE-110D-4EF3-B031-2D0887C94927}"
EndProject
Project("{FAE04EC0-301F-11D3-BF4B-00C04F79EFBC}") = "AspireShowcase.BusinessSetup", "src\Modules\BusinessSetup\AspireShowcase.BusinessSetup\AspireShowcase.BusinessSetup.csproj", "{81755320-546E-41E5-BC97-7DBCB759DFCB}"
EndProject
Project("{FAE04EC0-301F-11D3-BF4B-00C04F79EFBC}") = "AspireShowcase.Scheduling", "src\Modules\Scheduling\AspireShowcase.Scheduling\AspireShowcase.Scheduling.csproj", "{0540E01D-E47E-4B8D-84F6-15C6F780A778}"
EndProject
Project("{FAE04EC0-301F-11D3-BF4B-00C04F79EFBC}") = "AspireShowcase.BusinessSetup.PublicClient", "src\Modules\BusinessSetup\AspireShowcase.BusinessSetup.PublicClient\AspireShowcase.BusinessSetup.PublicClient.csproj", "{1D05DB24-2756-43EF-88E0-8DD269C467B9}"
EndProject
Project("{FAE04EC0-301F-11D3-BF4B-00C04F79EFBC}") = "AspireShowcase.Scheduling.Tests", "tests\AspireShowcase.Scheduling.Tests\AspireShowcase.Scheduling.Tests.csproj", "{D881E5E7-2495-44E6-82BA-8896C4FB74F0}"
EndProject
Project("{FAE04EC0-301F-11D3-BF4B-00C04F79EFBC}") = "AspireShowcase.Scheduling.PublicClient", "src\Modules\Scheduling\AspireShowcase.Scheduling.PublicClient\AspireShowcase.Scheduling.PublicClient.csproj", "{AF6A354D-7ABC-4EF8-9D27-595BD6CD51B1}"
EndProject
Project("{FAE04EC0-301F-11D3-BF4B-00C04F79EFBC}") = "AspireShowcase.Api.IntegrationTests", "tests\AspireShowcase.Api.IntegrationTests\AspireShowcase.Api.IntegrationTests.csproj", "{392E1696-903A-4699-9700-C92FF1198A2A}"
EndProject
Project("{FAE04EC0-301F-11D3-BF4B-00C04F79EFBC}") = "AspireShowcase.Bff.IntegrationTests", "tests\AspireShowcase.Bff.IntegrationTests\AspireShowcase.Bff.IntegrationTests.csproj", "{BBB5C0C3-5161-4605-BEEE-277DD2F0CDCA}"
EndProject
Project("{FAE04EC0-301F-11D3-BF4B-00C04F79EFBC}") = "AspireShowcase.Notifications.Tests", "tests\AspireShowcase.Notifications.Tests\AspireShowcase.Notifications.Tests.csproj", "{60DD8F33-C0B7-4359-9FC5-624C69FFE8D6}"
EndProject
Project("{FAE04EC0-301F-11D3-BF4B-00C04F79EFBC}") = "AspireShowcase.ArchitectureTests", "tests\AspireShowcase.ArchitectureTests\AspireShowcase.ArchitectureTests.csproj", "{2EAF9D1F-097A-4342-B517-FE5BB4467CCD}"
EndProject
Global
	GlobalSection(SolutionConfigurationPlatforms) = preSolution
		Debug|Any CPU = Debug|Any CPU
		Debug|x64 = Debug|x64
		Debug|x86 = Debug|x86
		Release|Any CPU = Release|Any CPU
		Release|x64 = Release|x64
		Release|x86 = Release|x86
	EndGlobalSection
	GlobalSection(ProjectConfigurationPlatforms) = postSolution
		{A00E5A7D-565C-4F68-81E9-5E332F186D27}.Debug|Any CPU.ActiveCfg = Debug|Any CPU
		{A00E5A7D-565C-4F68-81E9-5E332F186D27}.Debug|Any CPU.Build.0 = Debug|Any CPU
		{A00E5A7D-565C-4F68-81E9-5E332F186D27}.Debug|x64.ActiveCfg = Debug|Any CPU
		{A00E5A7D-565C-4F68-81E9-5E332F186D27}.Debug|x64.Build.0 = Debug|Any CPU
		{A00E5A7D-565C-4F68-81E9-5E332F186D27}.Debug|x86.ActiveCfg = Debug|Any CPU
		{A00E5A7D-565C-4F68-81E9-5E332F186D27}.Debug|x86.Build.0 = Debug|Any CPU
		{A00E5A7D-565C-4F68-81E9-5E332F186D27}.Release|Any CPU.ActiveCfg = Release|Any CPU
		{A00E5A7D-565C-4F68-81E9-5E332F186D27}.Release|Any CPU.Build.0 = Release|Any CPU
		{A00E5A7D-565C-4F68-81E9-5E332F186D27}.Release|x64.ActiveCfg = Release|Any CPU
		{A00E5A7D-565C-4F68-81E9-5E332F186D27}.Release|x64.Build.0 = Release|Any CPU
		{A00E5A7D-565C-4F68-81E9-5E332F186D27}.Release|x86.ActiveCfg = Release|Any CPU
		{A00E5A7D-565C-4F68-81E9-5E332F186D27}.Release|x86.Build.0 = Release|Any CPU
		{C619B583-BF39-4A6B-9665-2FAF6F588AD1}.Debug|Any CPU.ActiveCfg = Debug|Any CPU
		{C619B583-BF39-4A6B-9665-2FAF6F588AD1}.Debug|Any CPU.Build.0 = Debug|Any CPU
		{C619B583-BF39-4A6B-9665-2FAF6F588AD1}.Debug|x64.ActiveCfg = Debug|Any CPU
		{C619B583-BF39-4A6B-9665-2FAF6F588AD1}.Debug|x64.Build.0 = Debug|Any CPU
		{C619B583-BF39-4A6B-9665-2FAF6F588AD1}.Debug|x86.ActiveCfg = Debug|Any CPU
		{C619B583-BF39-4A6B-9665-2FAF6F588AD1}.Debug|x86.Build.0 = Debug|Any CPU
		{C619B583-BF39-4A6B-9665-2FAF6F588AD1}.Release|Any CPU.ActiveCfg = Release|Any CPU
		{C619B583-BF39-4A6B-9665-2FAF6F588AD1}.Release|Any CPU.Build.0 = Release|Any CPU
		{C619B583-BF39-4A6B-9665-2FAF6F588AD1}.Release|x64.ActiveCfg = Release|Any CPU
		{C619B583-BF39-4A6B-9665-2FAF6F588AD1}.Release|x64.Build.0 = Release|Any CPU
		{C619B583-BF39-4A6B-9665-2FAF6F588AD1}.Release|x86.ActiveCfg = Release|Any CPU
		{C619B583-BF39-4A6B-9665-2FAF6F588AD1}.Release|x86.Build.0 = Release|Any CPU
		{B188622A-CC41-410A-A09E-19353DB1E610}.Debug|Any CPU.ActiveCfg = Debug|Any CPU
		{B188622A-CC41-410A-A09E-19353DB1E610}.Debug|Any CPU.Build.0 = Debug|Any CPU
		{B188622A-CC41-410A-A09E-19353DB1E610}.Debug|x64.ActiveCfg = Debug|Any CPU
		{B188622A-CC41-410A-A09E-19353DB1E610}.Debug|x64.Build.0 = Debug|Any CPU
		{B188622A-CC41-410A-A09E-19353DB1E610}.Debug|x86.ActiveCfg = Debug|Any CPU
		{B188622A-CC41-410A-A09E-19353DB1E610}.Debug|x86.Build.0 = Debug|Any CPU
		{B188622A-CC41-410A-A09E-19353DB1E610}.Release|Any CPU.ActiveCfg = Release|Any CPU
		{B188622A-CC41-410A-A09E-19353DB1E610}.Release|Any CPU.Build.0 = Release|Any CPU
		{B188622A-CC41-410A-A09E-19353DB1E610}.Release|x64.ActiveCfg = Release|Any CPU
		{B188622A-CC41-410A-A09E-19353DB1E610}.Release|x64.Build.0 = Release|Any CPU
		{B188622A-CC41-410A-A09E-19353DB1E610}.Release|x86.ActiveCfg = Release|Any CPU
		{B188622A-CC41-410A-A09E-19353DB1E610}.Release|x86.Build.0 = Release|Any CPU
		{52303F6D-92BF-4378-A2A4-343F0DEDD9A2}.Debug|Any CPU.ActiveCfg = Debug|Any CPU
		{52303F6D-92BF-4378-A2A4-343F0DEDD9A2}.Debug|Any CPU.Build.0 = Debug|Any CPU
		{52303F6D-92BF-4378-A2A4-343F0DEDD9A2}.Debug|x64.ActiveCfg = Debug|Any CPU
		{52303F6D-92BF-4378-A2A4-343F0DEDD9A2}.Debug|x64.Build.0 = Debug|Any CPU
		{52303F6D-92BF-4378-A2A4-343F0DEDD9A2}.Debug|x86.ActiveCfg = Debug|Any CPU
		{52303F6D-92BF-4378-A2A4-343F0DEDD9A2}.Debug|x86.Build.0 = Debug|Any CPU
		{52303F6D-92BF-4378-A2A4-343F0DEDD9A2}.Release|Any CPU.ActiveCfg = Release|Any CPU
		{52303F6D-92BF-4378-A2A4-343F0DEDD9A2}.Release|Any CPU.Build.0 = Release|Any CPU
		{52303F6D-92BF-4378-A2A4-343F0DEDD9A2}.Release|x64.ActiveCfg = Release|Any CPU
		{52303F6D-92BF-4378-A2A4-343F0DEDD9A2}.Release|x64.Build.0 = Release|Any CPU
		{52303F6D-92BF-4378-A2A4-343F0DEDD9A2}.Release|x86.ActiveCfg = Release|Any CPU
		{52303F6D-92BF-4378-A2A4-343F0DEDD9A2}.Release|x86.Build.0 = Release|Any CPU
		{00B88208-4934-4B3B-8B9B-58B44EFEA1F2}.Debug|Any CPU.ActiveCfg = Debug|Any CPU
		{00B88208-4934-4B3B-8B9B-58B44EFEA1F2}.Debug|Any CPU.Build.0 = Debug|Any CPU
		{00B88208-4934-4B3B-8B9B-58B44EFEA1F2}.Debug|x64.ActiveCfg = Debug|Any CPU
		{00B88208-4934-4B3B-8B9B-58B44EFEA1F2}.Debug|x64.Build.0 = Debug|Any CPU
		{00B88208-4934-4B3B-8B9B-58B44EFEA1F2}.Debug|x86.ActiveCfg = Debug|Any CPU
		{00B88208-4934-4B3B-8B9B-58B44EFEA1F2}.Debug|x86.Build.0 = Debug|Any CPU
		{00B88208-4934-4B3B-8B9B-58B44EFEA1F2}.Release|Any CPU.ActiveCfg = Release|Any CPU
		{00B88208-4934-4B3B-8B9B-58B44EFEA1F2}.Release|Any CPU.Build.0 = Release|Any CPU
		{00B88208-4934-4B3B-8B9B-58B44EFEA1F2}.Release|x64.ActiveCfg = Release|Any CPU
		{00B88208-4934-4B3B-8B9B-58B44EFEA1F2}.Release|x64.Build.0 = Release|Any CPU
		{00B88208-4934-4B3B-8B9B-58B44EFEA1F2}.Release|x86.ActiveCfg = Release|Any CPU
		{00B88208-4934-4B3B-8B9B-58B44EFEA1F2}.Release|x86.Build.0 = Release|Any CPU
		{B7A30402-2354-4FC1-86AD-D4772B9ED136}.Debug|Any CPU.ActiveCfg = Debug|Any CPU
		{B7A30402-2354-4FC1-86AD-D4772B9ED136}.Debug|Any CPU.Build.0 = Debug|Any CPU
		{B7A30402-2354-4FC1-86AD-D4772B9ED136}.Debug|x64.ActiveCfg = Debug|Any CPU
		{B7A30402-2354-4FC1-86AD-D4772B9ED136}.Debug|x64.Build.0 = Debug|Any CPU
		{B7A30402-2354-4FC1-86AD-D4772B9ED136}.Debug|x86.ActiveCfg = Debug|Any CPU
		{B7A30402-2354-4FC1-86AD-D4772B9ED136}.Debug|x86.Build.0 = Debug|Any CPU
		{B7A30402-2354-4FC1-86AD-D4772B9ED136}.Release|Any CPU.ActiveCfg = Release|Any CPU
		{B7A30402-2354-4FC1-86AD-D4772B9ED136}.Release|Any CPU.Build.0 = Release|Any CPU
		{B7A30402-2354-4FC1-86AD-D4772B9ED136}.Release|x64.ActiveCfg = Release|Any CPU
		{B7A30402-2354-4FC1-86AD-D4772B9ED136}.Release|x64.Build.0 = Release|Any CPU
		{B7A30402-2354-4FC1-86AD-D4772B9ED136}.Release|x86.ActiveCfg = Release|Any CPU
		{B7A30402-2354-4FC1-86AD-D4772B9ED136}.Release|x86.Build.0 = Release|Any CPU
		{53E0F63D-0399-4A2D-AE83-7720BD7C2E26}.Debug|Any CPU.ActiveCfg = Debug|Any CPU
		{53E0F63D-0399-4A2D-AE83-7720BD7C2E26}.Debug|Any CPU.Build.0 = Debug|Any CPU
		{53E0F63D-0399-4A2D-AE83-7720BD7C2E26}.Debug|x64.ActiveCfg = Debug|Any CPU
		{53E0F63D-0399-4A2D-AE83-7720BD7C2E26}.Debug|x64.Build.0 = Debug|Any CPU
		{53E0F63D-0399-4A2D-AE83-7720BD7C2E26}.Debug|x86.ActiveCfg = Debug|Any CPU
		{53E0F63D-0399-4A2D-AE83-7720BD7C2E26}.Debug|x86.Build.0 = Debug|Any CPU
		{53E0F63D-0399-4A2D-AE83-7720BD7C2E26}.Release|Any CPU.ActiveCfg = Release|Any CPU
		{53E0F63D-0399-4A2D-AE83-7720BD7C2E26}.Release|Any CPU.Build.0 = Release|Any CPU
		{53E0F63D-0399-4A2D-AE83-7720BD7C2E26}.Release|x64.ActiveCfg = Release|Any CPU
		{53E0F63D-0399-4A2D-AE83-7720BD7C2E26}.Release|x64.Build.0 = Release|Any CPU
		{53E0F63D-0399-4A2D-AE83-7720BD7C2E26}.Release|x86.ActiveCfg = Release|Any CPU
		{53E0F63D-0399-4A2D-AE83-7720BD7C2E26}.Release|x86.Build.0 = Release|Any CPU
		{809A2DEE-110D-4EF3-B031-2D0887C94927}.Debug|Any CPU.ActiveCfg = Debug|Any CPU
		{809A2DEE-110D-4EF3-B031-2D0887C94927}.Debug|Any CPU.Build.0 = Debug|Any CPU
		{809A2DEE-110D-4EF3-B031-2D0887C94927}.Debug|x64.ActiveCfg = Debug|Any CPU
		{809A2DEE-110D-4EF3-B031-2D0887C94927}.Debug|x64.Build.0 = Debug|Any CPU
		{809A2DEE-110D-4EF3-B031-2D0887C94927}.Debug|x86.ActiveCfg = Debug|Any CPU
		{809A2DEE-110D-4EF3-B031-2D0887C94927}.Debug|x86.Build.0 = Debug|Any CPU
		{809A2DEE-110D-4EF3-B031-2D0887C94927}.Release|Any CPU.ActiveCfg = Release|Any CPU
		{809A2DEE-110D-4EF3-B031-2D0887C94927}.Release|Any CPU.Build.0 = Release|Any CPU
		{809A2DEE-110D-4EF3-B031-2D0887C94927}.Release|x64.ActiveCfg = Release|Any CPU
		{809A2DEE-110D-4EF3-B031-2D0887C94927}.Release|x64.Build.0 = Release|Any CPU
		{809A2DEE-110D-4EF3-B031-2D0887C94927}.Release|x86.ActiveCfg = Release|Any CPU
		{809A2DEE-110D-4EF3-B031-2D0887C94927}.Release|x86.Build.0 = Release|Any CPU
		{81755320-546E-41E5-BC97-7DBCB759DFCB}.Debug|Any CPU.ActiveCfg = Debug|Any CPU
		{81755320-546E-41E5-BC97-7DBCB759DFCB}.Debug|Any CPU.Build.0 = Debug|Any CPU
		{81755320-546E-41E5-BC97-7DBCB759DFCB}.Debug|x64.ActiveCfg = Debug|Any CPU
		{81755320-546E-41E5-BC97-7DBCB759DFCB}.Debug|x64.Build.0 = Debug|Any CPU
		{81755320-546E-41E5-BC97-7DBCB759DFCB}.Debug|x86.ActiveCfg = Debug|Any CPU
		{81755320-546E-41E5-BC97-7DBCB759DFCB}.Debug|x86.Build.0 = Debug|Any CPU
		{81755320-546E-41E5-BC97-7DBCB759DFCB}.Release|Any CPU.ActiveCfg = Release|Any CPU
		{81755320-546E-41E5-BC97-7DBCB759DFCB}.Release|Any CPU.Build.0 = Release|Any CPU
		{81755320-546E-41E5-BC97-7DBCB759DFCB}.Release|x64.ActiveCfg = Release|Any CPU
		{81755320-546E-41E5-BC97-7DBCB759DFCB}.Release|x64.Build.0 = Release|Any CPU
		{81755320-546E-41E5-BC97-7DBCB759DFCB}.Release|x86.ActiveCfg = Release|Any CPU
		{81755320-546E-41E5-BC97-7DBCB759DFCB}.Release|x86.Build.0 = Release|Any CPU
		{0540E01D-E47E-4B8D-84F6-15C6F780A778}.Debug|Any CPU.ActiveCfg = Debug|Any CPU
		{0540E01D-E47E-4B8D-84F6-15C6F780A778}.Debug|Any CPU.Build.0 = Debug|Any CPU
		{0540E01D-E47E-4B8D-84F6-15C6F780A778}.Debug|x64.ActiveCfg = Debug|Any CPU
		{0540E01D-E47E-4B8D-84F6-15C6F780A778}.Debug|x64.Build.0 = Debug|Any CPU
		{0540E01D-E47E-4B8D-84F6-15C6F780A778}.Debug|x86.ActiveCfg = Debug|Any CPU
		{0540E01D-E47E-4B8D-84F6-15C6F780A778}.Debug|x86.Build.0 = Debug|Any CPU
		{0540E01D-E47E-4B8D-84F6-15C6F780A778}.Release|Any CPU.ActiveCfg = Release|Any CPU
		{0540E01D-E47E-4B8D-84F6-15C6F780A778}.Release|Any CPU.Build.0 = Release|Any CPU
		{0540E01D-E47E-4B8D-84F6-15C6F780A778}.Release|x64.ActiveCfg = Release|Any CPU
		{0540E01D-E47E-4B8D-84F6-15C6F780A778}.Release|x64.Build.0 = Release|Any CPU
		{0540E01D-E47E-4B8D-84F6-15C6F780A778}.Release|x86.ActiveCfg = Release|Any CPU
		{0540E01D-E47E-4B8D-84F6-15C6F780A778}.Release|x86.Build.0 = Release|Any CPU
		{1D05DB24-2756-43EF-88E0-8DD269C467B9}.Debug|Any CPU.ActiveCfg = Debug|Any CPU
		{1D05DB24-2756-43EF-88E0-8DD269C467B9}.Debug|Any CPU.Build.0 = Debug|Any CPU
		{1D05DB24-2756-43EF-88E0-8DD269C467B9}.Debug|x64.ActiveCfg = Debug|Any CPU
		{1D05DB24-2756-43EF-88E0-8DD269C467B9}.Debug|x64.Build.0 = Debug|Any CPU
		{1D05DB24-2756-43EF-88E0-8DD269C467B9}.Debug|x86.ActiveCfg = Debug|Any CPU
		{1D05DB24-2756-43EF-88E0-8DD269C467B9}.Debug|x86.Build.0 = Debug|Any CPU
		{1D05DB24-2756-43EF-88E0-8DD269C467B9}.Release|Any CPU.ActiveCfg = Release|Any CPU
		{1D05DB24-2756-43EF-88E0-8DD269C467B9}.Release|Any CPU.Build.0 = Release|Any CPU
		{1D05DB24-2756-43EF-88E0-8DD269C467B9}.Release|x64.ActiveCfg = Release|Any CPU
		{1D05DB24-2756-43EF-88E0-8DD269C467B9}.Release|x64.Build.0 = Release|Any CPU
		{1D05DB24-2756-43EF-88E0-8DD269C467B9}.Release|x86.ActiveCfg = Release|Any CPU
		{1D05DB24-2756-43EF-88E0-8DD269C467B9}.Release|x86.Build.0 = Release|Any CPU
		{D881E5E7-2495-44E6-82BA-8896C4FB74F0}.Debug|Any CPU.ActiveCfg = Debug|Any CPU
		{D881E5E7-2495-44E6-82BA-8896C4FB74F0}.Debug|Any CPU.Build.0 = Debug|Any CPU
		{D881E5E7-2495-44E6-82BA-8896C4FB74F0}.Debug|x64.ActiveCfg = Debug|Any CPU
		{D881E5E7-2495-44E6-82BA-8896C4FB74F0}.Debug|x64.Build.0 = Debug|Any CPU
		{D881E5E7-2495-44E6-82BA-8896C4FB74F0}.Debug|x86.ActiveCfg = Debug|Any CPU
		{D881E5E7-2495-44E6-82BA-8896C4FB74F0}.Debug|x86.Build.0 = Debug|Any CPU
		{D881E5E7-2495-44E6-82BA-8896C4FB74F0}.Release|Any CPU.ActiveCfg = Release|Any CPU
		{D881E5E7-2495-44E6-82BA-8896C4FB74F0}.Release|Any CPU.Build.0 = Release|Any CPU
		{D881E5E7-2495-44E6-82BA-8896C4FB74F0}.Release|x64.ActiveCfg = Release|Any CPU
		{D881E5E7-2495-44E6-82BA-8896C4FB74F0}.Release|x64.Build.0 = Release|Any CPU
		{D881E5E7-2495-44E6-82BA-8896C4FB74F0}.Release|x86.ActiveCfg = Release|Any CPU
		{D881E5E7-2495-44E6-82BA-8896C4FB74F0}.Release|x86.Build.0 = Release|Any CPU
		{AF6A354D-7ABC-4EF8-9D27-595BD6CD51B1}.Debug|Any CPU.ActiveCfg = Debug|Any CPU
		{AF6A354D-7ABC-4EF8-9D27-595BD6CD51B1}.Debug|Any CPU.Build.0 = Debug|Any CPU
		{AF6A354D-7ABC-4EF8-9D27-595BD6CD51B1}.Debug|x64.ActiveCfg = Debug|Any CPU
		{AF6A354D-7ABC-4EF8-9D27-595BD6CD51B1}.Debug|x64.Build.0 = Debug|Any CPU
		{AF6A354D-7ABC-4EF8-9D27-595BD6CD51B1}.Debug|x86.ActiveCfg = Debug|Any CPU
		{AF6A354D-7ABC-4EF8-9D27-595BD6CD51B1}.Debug|x86.Build.0 = Debug|Any CPU
		{AF6A354D-7ABC-4EF8-9D27-595BD6CD51B1}.Release|Any CPU.ActiveCfg = Release|Any CPU
		{AF6A354D-7ABC-4EF8-9D27-595BD6CD51B1}.Release|Any CPU.Build.0 = Release|Any CPU
		{AF6A354D-7ABC-4EF8-9D27-595BD6CD51B1}.Release|x64.ActiveCfg = Release|Any CPU
		{AF6A354D-7ABC-4EF8-9D27-595BD6CD51B1}.Release|x64.Build.0 = Release|Any CPU
		{AF6A354D-7ABC-4EF8-9D27-595BD6CD51B1}.Release|x86.ActiveCfg = Release|Any CPU
		{AF6A354D-7ABC-4EF8-9D27-595BD6CD51B1}.Release|x86.Build.0 = Release|Any CPU
		{392E1696-903A-4699-9700-C92FF1198A2A}.Debug|Any CPU.ActiveCfg = Debug|Any CPU
		{392E1696-903A-4699-9700-C92FF1198A2A}.Debug|Any CPU.Build.0 = Debug|Any CPU
		{392E1696-903A-4699-9700-C92FF1198A2A}.Debug|x64.ActiveCfg = Debug|Any CPU
		{392E1696-903A-4699-9700-C92FF1198A2A}.Debug|x64.Build.0 = Debug|Any CPU
		{392E1696-903A-4699-9700-C92FF1198A2A}.Debug|x86.ActiveCfg = Debug|Any CPU
		{392E1696-903A-4699-9700-C92FF1198A2A}.Debug|x86.Build.0 = Debug|Any CPU
		{392E1696-903A-4699-9700-C92FF1198A2A}.Release|Any CPU.ActiveCfg = Release|Any CPU
		{392E1696-903A-4699-9700-C92FF1198A2A}.Release|Any CPU.Build.0 = Release|Any CPU
		{392E1696-903A-4699-9700-C92FF1198A2A}.Release|x64.ActiveCfg = Release|Any CPU
		{392E1696-903A-4699-9700-C92FF1198A2A}.Release|x64.Build.0 = Release|Any CPU
		{392E1696-903A-4699-9700-C92FF1198A2A}.Release|x86.ActiveCfg = Release|Any CPU
		{392E1696-903A-4699-9700-C92FF1198A2A}.Release|x86.Build.0 = Release|Any CPU
		{BBB5C0C3-5161-4605-BEEE-277DD2F0CDCA}.Debug|Any CPU.ActiveCfg = Debug|Any CPU
		{BBB5C0C3-5161-4605-BEEE-277DD2F0CDCA}.Debug|Any CPU.Build.0 = Debug|Any CPU
		{BBB5C0C3-5161-4605-BEEE-277DD2F0CDCA}.Debug|x64.ActiveCfg = Debug|Any CPU
		{BBB5C0C3-5161-4605-BEEE-277DD2F0CDCA}.Debug|x64.Build.0 = Debug|Any CPU
		{BBB5C0C3-5161-4605-BEEE-277DD2F0CDCA}.Debug|x86.ActiveCfg = Debug|Any CPU
		{BBB5C0C3-5161-4605-BEEE-277DD2F0CDCA}.Debug|x86.Build.0 = Debug|Any CPU
		{BBB5C0C3-5161-4605-BEEE-277DD2F0CDCA}.Release|Any CPU.ActiveCfg = Release|Any CPU
		{BBB5C0C3-5161-4605-BEEE-277DD2F0CDCA}.Release|Any CPU.Build.0 = Release|Any CPU
		{BBB5C0C3-5161-4605-BEEE-277DD2F0CDCA}.Release|x64.ActiveCfg = Release|Any CPU
		{BBB5C0C3-5161-4605-BEEE-277DD2F0CDCA}.Release|x64.Build.0 = Release|Any CPU
		{BBB5C0C3-5161-4605-BEEE-277DD2F0CDCA}.Release|x86.ActiveCfg = Release|Any CPU
		{BBB5C0C3-5161-4605-BEEE-277DD2F0CDCA}.Release|x86.Build.0 = Release|Any CPU
		{60DD8F33-C0B7-4359-9FC5-624C69FFE8D6}.Debug|Any CPU.ActiveCfg = Debug|Any CPU
		{60DD8F33-C0B7-4359-9FC5-624C69FFE8D6}.Debug|Any CPU.Build.0 = Debug|Any CPU
		{60DD8F33-C0B7-4359-9FC5-624C69FFE8D6}.Debug|x64.ActiveCfg = Debug|Any CPU
		{60DD8F33-C0B7-4359-9FC5-624C69FFE8D6}.Debug|x64.Build.0 = Debug|Any CPU
		{60DD8F33-C0B7-4359-9FC5-624C69FFE8D6}.Debug|x86.ActiveCfg = Debug|Any CPU
		{60DD8F33-C0B7-4359-9FC5-624C69FFE8D6}.Debug|x86.Build.0 = Debug|Any CPU
		{60DD8F33-C0B7-4359-9FC5-624C69FFE8D6}.Release|Any CPU.ActiveCfg = Release|Any CPU
		{60DD8F33-C0B7-4359-9FC5-624C69FFE8D6}.Release|Any CPU.Build.0 = Release|Any CPU
		{60DD8F33-C0B7-4359-9FC5-624C69FFE8D6}.Release|x64.ActiveCfg = Release|Any CPU
		{60DD8F33-C0B7-4359-9FC5-624C69FFE8D6}.Release|x64.Build.0 = Release|Any CPU
		{60DD8F33-C0B7-4359-9FC5-624C69FFE8D6}.Release|x86.ActiveCfg = Release|Any CPU
		{60DD8F33-C0B7-4359-9FC5-624C69FFE8D6}.Release|x86.Build.0 = Release|Any CPU
		{2EAF9D1F-097A-4342-B517-FE5BB4467CCD}.Debug|Any CPU.ActiveCfg = Debug|Any CPU
		{2EAF9D1F-097A-4342-B517-FE5BB4467CCD}.Debug|Any CPU.Build.0 = Debug|Any CPU
		{2EAF9D1F-097A-4342-B517-FE5BB4467CCD}.Debug|x64.ActiveCfg = Debug|Any CPU
		{2EAF9D1F-097A-4342-B517-FE5BB4467CCD}.Debug|x64.Build.0 = Debug|Any CPU
		{2EAF9D1F-097A-4342-B517-FE5BB4467CCD}.Debug|x86.ActiveCfg = Debug|Any CPU
		{2EAF9D1F-097A-4342-B517-FE5BB4467CCD}.Debug|x86.Build.0 = Debug|Any CPU
		{2EAF9D1F-097A-4342-B517-FE5BB4467CCD}.Release|Any CPU.ActiveCfg = Release|Any CPU
		{2EAF9D1F-097A-4342-B517-FE5BB4467CCD}.Release|Any CPU.Build.0 = Release|Any CPU
		{2EAF9D1F-097A-4342-B517-FE5BB4467CCD}.Release|x64.ActiveCfg = Release|Any CPU
		{2EAF9D1F-097A-4342-B517-FE5BB4467CCD}.Release|x64.Build.0 = Release|Any CPU
		{2EAF9D1F-097A-4342-B517-FE5BB4467CCD}.Release|x86.ActiveCfg = Release|Any CPU
		{2EAF9D1F-097A-4342-B517-FE5BB4467CCD}.Release|x86.Build.0 = Release|Any CPU
	EndGlobalSection
	GlobalSection(SolutionProperties) = preSolution
		HideSolutionNode = FALSE
	EndGlobalSection
	GlobalSection(NestedProjects) = preSolution
		{A00E5A7D-565C-4F68-81E9-5E332F186D27} = {827E0CD3-B72D-47B6-A68D-7590B98EB39B}
		{C619B583-BF39-4A6B-9665-2FAF6F588AD1} = {827E0CD3-B72D-47B6-A68D-7590B98EB39B}
		{B188622A-CC41-410A-A09E-19353DB1E610} = {827E0CD3-B72D-47B6-A68D-7590B98EB39B}
		{52303F6D-92BF-4378-A2A4-343F0DEDD9A2} = {827E0CD3-B72D-47B6-A68D-7590B98EB39B}
		{00B88208-4934-4B3B-8B9B-58B44EFEA1F2} = {827E0CD3-B72D-47B6-A68D-7590B98EB39B}
		{B7A30402-2354-4FC1-86AD-D4772B9ED136} = {0AB3BF05-4346-4AA6-1389-037BE0695223}
		{EC447DCF-ABFA-6E24-52A5-D7FD48A5C558} = {827E0CD3-B72D-47B6-A68D-7590B98EB39B}
		{53E0F63D-0399-4A2D-AE83-7720BD7C2E26} = {EC447DCF-ABFA-6E24-52A5-D7FD48A5C558}
		{809A2DEE-110D-4EF3-B031-2D0887C94927} = {EC447DCF-ABFA-6E24-52A5-D7FD48A5C558}
		{81755320-546E-41E5-BC97-7DBCB759DFCB} = {EC447DCF-ABFA-6E24-52A5-D7FD48A5C558}
		{0540E01D-E47E-4B8D-84F6-15C6F780A778} = {EC447DCF-ABFA-6E24-52A5-D7FD48A5C558}
		{1D05DB24-2756-43EF-88E0-8DD269C467B9} = {EC447DCF-ABFA-6E24-52A5-D7FD48A5C558}
		{D881E5E7-2495-44E6-82BA-8896C4FB74F0} = {0AB3BF05-4346-4AA6-1389-037BE0695223}
		{AF6A354D-7ABC-4EF8-9D27-595BD6CD51B1} = {EC447DCF-ABFA-6E24-52A5-D7FD48A5C558}
		{392E1696-903A-4699-9700-C92FF1198A2A} = {0AB3BF05-4346-4AA6-1389-037BE0695223}
		{BBB5C0C3-5161-4605-BEEE-277DD2F0CDCA} = {0AB3BF05-4346-4AA6-1389-037BE0695223}
		{60DD8F33-C0B7-4359-9FC5-624C69FFE8D6} = {0AB3BF05-4346-4AA6-1389-037BE0695223}
		{2EAF9D1F-097A-4342-B517-FE5BB4467CCD} = {0AB3BF05-4346-4AA6-1389-037BE0695223}
	EndGlobalSection
EndGlobal
