
Microsoft Visual Studio Solution File, Format Version 12.00
Project("{2150E333-8FDC-42A3-9474-1A3956D46DE8}") = "src", "src", "{827E0CD3-B72D-47B6-A68D-7590B98EB39B}"
EndProject
Project("{FAE04EC0-301F-11D3-BF4B-00C04F79EFBC}") = "AspireShowcase.AppHost", "src\AspireShowcase.AppHost\AspireShowcase.AppHost.csproj", "{A00E5A7D-565C-4F68-81E9-5E332F186D27}"
EndProject
Project("{FAE04EC0-301F-11D3-BF4B-00C04F79EFBC}") = "AspireShowcase.ServiceDefaults", "src\AspireShowcase.ServiceDefaults\AspireShowcase.ServiceDefaults.csproj", "{C619B583-BF39-4A6B-9665-2FAF6F588AD1}"
EndProject
Project("{FAE04EC0-301F-11D3-BF4B-00C04F79EFBC}") = "AspireShowcase.Api", "src\AspireShowcase.Api\AspireShowcase.Api.csproj", "{B188622A-CC41-410A-A09E-19353DB1E610}"
EndProject
Project("{FAE04EC0-301F-11D3-BF4B-00C04F79EFBC}") = "AspireShowcase.Notifications", "src\AspireShowcase.Notifications\AspireShowcase.Notifications.csproj", "{52303F6D-92BF-4378-A2A4-343F0DEDD9A2}"
EndProject
Project("{FAE04EC0-301F-11D3-BF4B-00C04F79EFBC}") = "AspireShowcase.Bff", "src\AspireShowcase.Bff\AspireShowcase.Bff.csproj", "{00B88208-4934-4B3B-8B9B-58B44EFEA1F2}"
EndProject
Project("{2150E333-8FDC-42A3-9474-1A3956D46DE8}") = "tests", "tests", "{0AB3BF05-4346-4AA6-1389-037BE0695223}"
EndProject
Project("{FAE04EC0-301F-11D3-BF4B-00C04F79EFBC}") = "AspireShowcase.Api.Tests", "tests\AspireShowcase.Api.Tests\AspireShowcase.Api.Tests.csproj", "{B7A30402-2354-4FC1-86AD-D4772B9ED136}"
EndProject
Global
	GlobalSection(SolutionConfigurationPlatforms) = preSolution
		Debug|Any CPU = Debug|Any CPU
		Debug|x64 = Debug|x64
		Debug|x86 = Debug|x86
		Release|Any CPU = Release|Any CPU
		Release|x64 = Release|x64
		Release|x86 = Release|x86
	EndGlobalSection
	GlobalSection(ProjectConfigurationPlatforms) = postSolution
		{A00E5A7D-565C-4F68-81E9-5E332F186D27}.Debug|Any CPU.ActiveCfg = Debug|Any CPU
		{A00E5A7D-565C-4F68-81E9-5E332F186D27}.Debug|Any CPU.Build.0 = Debug|Any CPU
		{A00E5A7D-565C-4F68-81E9-5E332F186D27}.Debug|x64.ActiveCfg = Debug|Any CPU
		{A00E5A7D-565C-4F68-81E9-5E332F186D27}.Debug|x64.Build.0 = Debug|Any CPU
		{A00E5A7D-565C-4F68-81E9-5E332F186D27}.Debug|x86.ActiveCfg = Debug|Any CPU
		{A00E5A7D-565C-4F68-81E9-5E332F186D27}.Debug|x86.Build.0 = Debug|Any CPU
		{A00E5A7D-565C-4F68-81E9-5E332F186D27}.Release|Any CPU.ActiveCfg = Release|Any CPU
		{A00E5A7D-565C-4F68-81E9-5E332F186D27}.Release|Any CPU.Build.0 = Release|Any CPU
		{A00E5A7D-565C-4F68-81E9-5E332F186D27}.Release|x64.ActiveCfg = Release|Any CPU
		{A00E5A7D-565C-4F68-81E9-5E332F186D27}.Release|x64.Build.0 = Release|Any CPU
		{A00E5A7D-565C-4F68-81E9-5E332F186D27}.Release|x86.ActiveCfg = Release|Any CPU
		{A00E5A7D-565C-4F68-81E9-5E332F186D27}.Release|x86.Build.0 = Release|Any CPU
		{C619B583-BF39-4A6B-9665-2FAF6F588AD1}.Debug|Any CPU.ActiveCfg = Debug|Any CPU
		{C619B583-BF39-4A6B-9665-2FAF6F588AD1}.Debug|Any CPU.Build.0 = Debug|Any CPU
		{C619B583-BF39-4A6B-9665-2FAF6F588AD1}.Debug|x64.ActiveCfg = Debug|Any CPU
		{C619B583-BF39-4A6B-9665-2FAF6F588AD1}.Debug|x64.Build.0 = Debug|Any CPU
		{C619B583-BF39-4A6B-9665-2FAF6F588AD1}.Debug|x86.ActiveCfg = Debug|Any CPU
		{C619B583-BF39-4A6B-9665-2FAF6F588AD1}.Debug|x86.Build.0 = Debug|Any CPU
		{C619B583-BF39-4A6B-9665-2FAF6F588AD1}.Release|Any CPU.ActiveCfg = Release|Any CPU
		{C619B583-BF39-4A6B-9665-2FAF6F588AD1}.Release|Any CPU.Build.0 = Release|Any CPU
		{C619B583-BF39-4A6B-9665-2FAF6F588AD1}.Release|x64.ActiveCfg = Release|Any CPU
		{C619B583-BF39-4A6B-9665-2FAF6F588AD1}.Release|x64.Build.0 = Release|Any CPU
		{C619B583-BF39-4A6B-9665-2FAF6F588AD1}.Release|x86.ActiveCfg = Release|Any CPU
		{C619B583-BF39-4A6B-9665-2FAF6F588AD1}.Release|x86.Build.0 = Release|Any CPU
		{B188622A-CC41-410A-A09E-19353DB1E610}.Debug|Any CPU.ActiveCfg = Debug|Any CPU
		{B188622A-CC41-410A-A09E-19353DB1E610}.Debug|Any CPU.Build.0 = Debug|Any CPU
		{B188622A-CC41-410A-A09E-19353DB1E610}.Debug|x64.ActiveCfg = Debug|Any CPU
		{B188622A-CC41-410A-A09E-19353DB1E610}.Debug|x64.Build.0 = Debug|Any CPU
		{B188622A-CC41-410A-A09E-19353DB1E610}.Debug|x86.ActiveCfg = Debug|Any CPU
		{B188622A-CC41-410A-A09E-19353DB1E610}.Debug|x86.Build.0 = Debug|Any CPU
		{B188622A-CC41-410A-A09E-19353DB1E610}.Release|Any CPU.ActiveCfg = Release|Any CPU
		{B188622A-CC41-410A-A09E-19353DB1E610}.Release|Any CPU.Build.0 = Release|Any CPU
		{B188622A-CC41-410A-A09E-19353DB1E610}.Release|x64.ActiveCfg = Release|Any CPU
		{B188622A-CC41-410A-A09E-19353DB1E610}.Release|x64.Build.0 = Release|Any CPU
		{B188622A-CC41-410A-A09E-19353DB1E610}.Release|x86.ActiveCfg = Release|Any CPU
		{B188622A-CC41-410A-A09E-19353DB1E610}.Release|x86.Build.0 = Release|Any CPU
		{52303F6D-92BF-4378-A2A4-343F0DEDD9A2}.Debug|Any CPU.ActiveCfg = Debug|Any CPU
		{52303F6D-92BF-4378-A2A4-343F0DEDD9A2}.Debug|Any CPU.Build.0 = Debug|Any CPU
		{52303F6D-92BF-4378-A2A4-343F0DEDD9A2}.Debug|x64.ActiveCfg = Debug|Any CPU
		{52303F6D-92BF-4378-A2A4-343F0DEDD9A2}.Debug|x64.Build.0 = Debug|Any CPU
		{52303F6D-92BF-4378-A2A4-343F0DEDD9A2}.Debug|x86.ActiveCfg = Debug|Any CPU
		{52303F6D-92BF-4378-A2A4-343F0DEDD9A2}.Debug|x86.Build.0 = Debug|Any CPU
		{52303F6D-92BF-4378-A2A4-343F0DEDD9A2}.Release|Any CPU.ActiveCfg = Release|Any CPU
		{52303F6D-92BF-4378-A2A4-343F0DEDD9A2}.Release|Any CPU.Build.0 = Release|Any CPU
		{52303F6D-92BF-4378-A2A4-343F0DEDD9A2}.Release|x64.ActiveCfg = Release|Any CPU
		{52303F6D-92BF-4378-A2A4-343F0DEDD9A2}.Release|x64.Build.0 = Release|Any CPU
		{52303F6D-92BF-4378-A2A4-343F0DEDD9A2}.Release|x86.ActiveCfg = Release|Any CPU
		{52303F6D-92BF-4378-A2A4-343F0DEDD9A2}.Release|x86.Build.0 = Release|Any CPU
		{00B88208-4934-4B3B-8B9B-58B44EFEA1F2}.Debug|Any CPU.ActiveCfg = Debug|Any CPU
		{00B88208-4934-4B3B-8B9B-58B44EFEA1F2}.Debug|Any CPU.Build.0 = Debug|Any CPU
		{00B88208-4934-4B3B-8B9B-58B44EFEA1F2}.Debug|x64.ActiveCfg = Debug|Any CPU
		{00B88208-4934-4B3B-8B9B-58B44EFEA1F2}.Debug|x64.Build.0 = Debug|Any CPU
		{00B88208-4934-4B3B-8B9B-58B44EFEA1F2}.Debug|x86.ActiveCfg = Debug|Any CPU
		{00B88208-4934-4B3B-8B9B-58B44EFEA1F2}.Debug|x86.Build.0 = Debug|Any CPU
		{00B88208-4934-4B3B-8B9B-58B44EFEA1F2}.Release|Any CPU.ActiveCfg = Release|Any CPU
		{00B88208-4934-4B3B-8B9B-58B44EFEA1F2}.Release|Any CPU.Build.0 = Release|Any CPU
		{00B88208-4934-4B3B-8B9B-58B44EFEA1F2}.Release|x64.ActiveCfg = Release|Any CPU
		{00B88208-4934-4B3B-8B9B-58B44EFEA1F2}.Release|x64.Build.0 = Release|Any CPU
		{00B88208-4934-4B3B-8B9B-58B44EFEA1F2}.Release|x86.ActiveCfg = Release|Any CPU
		{00B88208-4934-4B3B-8B9B-58B44EFEA1F2}.Release|x86.Build.0 = Release|Any CPU
		{B7A30402-2354-4FC1-86AD-D4772B9ED136}.Debug|Any CPU.ActiveCfg = Debug|Any CPU
		{B7A30402-2354-4FC1-86AD-D4772B9ED136}.Debug|Any CPU.Build.0 = Debug|Any CPU
		{B7A30402-2354-4FC1-86AD-D4772B9ED136}.Debug|x64.ActiveCfg = Debug|Any CPU
		{B7A30402-2354-4FC1-86AD-D4772B9ED136}.Debug|x64.Build.0 = Debug|Any CPU
		{B7A30402-2354-4FC1-86AD-D4772B9ED136}.Debug|x86.ActiveCfg = Debug|Any CPU
		{B7A30402-2354-4FC1-86AD-D4772B9ED136}.Debug|x86.Build.0 = Debug|Any CPU
		{B7A30402-2354-4FC1-86AD-D4772B9ED136}.Release|Any CPU.ActiveCfg = Release|Any CPU
		{B7A30402-2354-4FC1-86AD-D4772B9ED136}.Release|Any CPU.Build.0 = Release|Any CPU
		{B7A30402-2354-4FC1-86AD-D4772B9ED136}.Release|x64.ActiveCfg = Release|Any CPU
		{B7A30402-2354-4FC1-86AD-D4772B9ED136}.Release|x64.Build.0 = Release|Any CPU
		{B7A30402-2354-4FC1-86AD-D4772B9ED136}.Release|x86.ActiveCfg = Release|Any CPU
		{B7A30402-2354-4FC1-86AD-D4772B9ED136}.Release|x86.Build.0 = Release|Any CPU
	EndGlobalSection
	GlobalSection(SolutionProperties) = preSolution
		HideSolutionNode = FALSE
	EndGlobalSection
	GlobalSection(NestedProjects) = preSolution
		{A00E5A7D-565C-4F68-81E9-5E332F186D27} = {827E0CD3-B72D-47B6-A68D-7590B98EB39B}
		{C619B583-BF39-4A6B-9665-2FAF6F588AD1} = {827E0CD3-B72D-47B6-A68D-7590B98EB39B}
		{B188622A-CC41-410A-A09E-19353DB1E610} = {827E0CD3-B72D-47B6-A68D-7590B98EB39B}
		{52303F6D-92BF-4378-A2A4-343F0DEDD9A2} = {827E0CD3-B72D-47B6-A68D-7590B98EB39B}
		{00B88208-4934-4B3B-8B9B-58B44EFEA1F2} = {827E0CD3-B72D-47B6-A68D-7590B98EB39B}
		{B7A30402-2354-4FC1-86AD-D4772B9ED136} = {0AB3BF05-4346-4AA6-1389-037BE0695223}
	EndGlobalSection
EndGlobal
